
Microsoft Visual Studio Solution File, Format Version 12.00
# Visual Studio 14
VisualStudioVersion = 14.0.25420.1
MinimumVisualStudioVersion = 10.0.40219.1
Project("{D954291E-2A0B-460D-934E-DC6B0785DB48}") = "AntNestGitHub", "AntNestGitHub\AntNestGitHub.shproj", "{AC002479-8966-47CE-9B0D-22F7BDDD95AD}"
EndProject
Project("{FAE04EC0-301F-11D3-BF4B-00C04F79EFBC}") = "AntNest", "..\..\..\..\Documents\Visual Studio 2015\Projects\AntNest\AntNest\AntNest.csproj", "{C08479F7-51DE-4907-9155-F94590833E96}"
EndProject
Global
	GlobalSection(SharedMSBuildProjectFiles) = preSolution
		AntNestGitHub\AntNestGitHub.projitems*{ac002479-8966-47ce-9b0d-22f7bddd95ad}*SharedItemsImports = 13
	EndGlobalSection
	GlobalSection(SolutionConfigurationPlatforms) = preSolution
		Debug|Any CPU = Debug|Any CPU
		Release|Any CPU = Release|Any CPU
	EndGlobalSection
	GlobalSection(ProjectConfigurationPlatforms) = postSolution
		{C08479F7-51DE-4907-9155-F94590833E96}.Debug|Any CPU.ActiveCfg = Debug|Any CPU
		{C08479F7-51DE-4907-9155-F94590833E96}.Debug|Any CPU.Build.0 = Debug|Any CPU
		{C08479F7-51DE-4907-9155-F94590833E96}.Release|Any CPU.ActiveCfg = Release|Any CPU
		{C08479F7-51DE-4907-9155-F94590833E96}.Release|Any CPU.Build.0 = Release|Any CPU
	EndGlobalSection
	GlobalSection(SolutionProperties) = preSolution
		HideSolutionNode = FALSE
	EndGlobalSection
EndGlobal
